# This file is automatically @generated by Cargo.
# It is not intended for manual editing.
version = 3

[[package]]
name = "ckia"
version = "0.1.0"
dependencies = [
 "ckia_sys",
]

[[package]]
name = "ckia_sys"
version = "121.0.0"
source = "registry+https://github.com/rust-lang/crates.io-index"
checksum = "889500389cfb142c3d0fab62700b39410a3458e015e6b5ed0bcfd335ffc4f35d"
